// !$*UTF8*$!
{
	archiveVersion = 1;
	classes = {
	};
	objectVersion = 46;
	objects = {

/* Begin PBXBuildFile section */
		48B572921DE1B98E00A52D1D /* AppDelegate.swift in Sources */ = {isa = PBXBuildFile; fileRef = 48B572911DE1B98E00A52D1D /* AppDelegate.swift */; };
		48B572941DE1B98E00A52D1D /* ViewController.swift in Sources */ = {isa = PBXBuildFile; fileRef = 48B572931DE1B98E00A52D1D /* ViewController.swift */; };
		48B572971DE1B98E00A52D1D /* Main.storyboard in Resources */ = {isa = PBXBuildFile; fileRef = 48B572951DE1B98E00A52D1D /* Main.storyboard */; };
		48B572991DE1B98E00A52D1D /* Assets.xcassets in Resources */ = {isa = PBXBuildFile; fileRef = 48B572981DE1B98E00A52D1D /* Assets.xcassets */; };
		48B5729C1DE1B98E00A52D1D /* LaunchScreen.storyboard in Resources */ = {isa = PBXBuildFile; fileRef = 48B5729A1DE1B98E00A52D1D /* LaunchScreen.storyboard */; };
		48B572A51DE1BBFF00A52D1D /* ExampleViewController.swift in Sources */ = {isa = PBXBuildFile; fileRef = 48B572A31DE1BBFF00A52D1D /* ExampleViewController.swift */; };
		48B572A61DE1BBFF00A52D1D /* InteractiveViewController.swift in Sources */ = {isa = PBXBuildFile; fileRef = 48B572A41DE1BBFF00A52D1D /* InteractiveViewController.swift */; };
/* End PBXBuildFile section */

/* Begin PBXFileReference section */
		48B5728E1DE1B98E00A52D1D /* Interactive.app */ = {isa = PBXFileReference; explicitFileType = wrapper.application; includeInIndex = 0; path = Interactive.app; sourceTree = BUILT_PRODUCTS_DIR; };
		48B572911DE1B98E00A52D1D /* AppDelegate.swift */ = {isa = PBXFileReference; lastKnownFileType = sourcecode.swift; path = AppDelegate.swift; sourceTree = "<group>"; };
		48B572931DE1B98E00A52D1D /* ViewController.swift */ = {isa = PBXFileReference; lastKnownFileType = sourcecode.swift; path = ViewController.swift; sourceTree = "<group>"; };
		48B572961DE1B98E00A52D1D /* Base */ = {isa = PBXFileReference; lastKnownFileType = file.storyboard; name = Base; path = Base.lproj/Main.storyboard; sourceTree = "<group>"; };
		48B572981DE1B98E00A52D1D /* Assets.xcassets */ = {isa = PBXFileReference; lastKnownFileType = folder.assetcatalog; path = Assets.xcassets; sourceTree = "<group>"; };
		48B5729B1DE1B98E00A52D1D /* Base */ = {isa = PBXFileReference; lastKnownFileType = file.storyboard; name = Base; path = Base.lproj/LaunchScreen.storyboard; sourceTree = "<group>"; };
		48B5729D1DE1B98E00A52D1D /* Info.plist */ = {isa = PBXFileReference; lastKnownFileType = text.plist.xml; path = Info.plist; sourceTree = "<group>"; };
		48B572A31DE1BBFF00A52D1D /* ExampleViewController.swift */ = {isa = PBXFileReference; fileEncoding = 4; lastKnownFileType = sourcecode.swift; path = ExampleViewController.swift; sourceTree = "<group>"; };
		48B572A41DE1BBFF00A52D1D /* InteractiveViewController.swift */ = {isa = PBXFileReference; fileEncoding = 4; lastKnownFileType = sourcecode.swift; path = InteractiveViewController.swift; sourceTree = "<group>"; };
/* End PBXFileReference section */

/* Begin PBXFrameworksBuildPhase section */
		48B5728B1DE1B98E00A52D1D /* Frameworks */ = {
			isa = PBXFrameworksBuildPhase;
			buildActionMask = 2147483647;
			files = (
			);
			runOnlyForDeploymentPostprocessing = 0;
		};
/* End PBXFrameworksBuildPhase section */

/* Begin PBXGroup section */
		48B572851DE1B98E00A52D1D = {
			isa = PBXGroup;
			children = (
				48B572901DE1B98E00A52D1D /* Interactive */,
				48B5728F1DE1B98E00A52D1D /* Products */,
			);
			sourceTree = "<group>";
		};
		48B5728F1DE1B98E00A52D1D /* Products */ = {
			isa = PBXGroup;
			children = (
				48B5728E1DE1B98E00A52D1D /* Interactive.app */,
			);
			name = Products;
			sourceTree = "<group>";
		};
		48B572901DE1B98E00A52D1D /* Interactive */ = {
			isa = PBXGroup;
			children = (
				48B572A71DE1BC0600A52D1D /* InteractiveViewController */,
				48B572A31DE1BBFF00A52D1D /* ExampleViewController.swift */,
				48B572911DE1B98E00A52D1D /* AppDelegate.swift */,
				48B572931DE1B98E00A52D1D /* ViewController.swift */,
				48B572951DE1B98E00A52D1D /* Main.storyboard */,
				48B572981DE1B98E00A52D1D /* Assets.xcassets */,
				48B5729A1DE1B98E00A52D1D /* LaunchScreen.storyboard */,
				48B5729D1DE1B98E00A52D1D /* Info.plist */,
			);
			path = Interactive;
			sourceTree = "<group>";
		};
		48B572A71DE1BC0600A52D1D /* InteractiveViewController */ = {
			isa = PBXGroup;
			children = (
				48B572A41DE1BBFF00A52D1D /* InteractiveViewController.swift */,
			);
			name = InteractiveViewController;
			sourceTree = "<group>";
		};
/* End PBXGroup section */

/* Begin PBXNativeTarget section */
		48B5728D1DE1B98E00A52D1D /* Interactive */ = {
			isa = PBXNativeTarget;
			buildConfigurationList = 48B572A01DE1B98E00A52D1D /* Build configuration list for PBXNativeTarget "Interactive" */;
			buildPhases = (
				48B5728A1DE1B98E00A52D1D /* Sources */,
				48B5728B1DE1B98E00A52D1D /* Frameworks */,
				48B5728C1DE1B98E00A52D1D /* Resources */,
			);
			buildRules = (
			);
			dependencies = (
			);
			name = Interactive;
			productName = Interactive;
			productReference = 48B5728E1DE1B98E00A52D1D /* Interactive.app */;
			productType = "com.apple.product-type.application";
		};
/* End PBXNativeTarget section */

/* Begin PBXProject section */
		48B572861DE1B98E00A52D1D /* Project object */ = {
			isa = PBXProject;
			attributes = {
				LastSwiftUpdateCheck = 0810;
				LastUpgradeCheck = 0810;
				ORGANIZATIONNAME = "The Soft Studio";
				TargetAttributes = {
					48B5728D1DE1B98E00A52D1D = {
						CreatedOnToolsVersion = 8.1;
						ProvisioningStyle = Automatic;
					};
				};
			};
			buildConfigurationList = 48B572891DE1B98E00A52D1D /* Build configuration list for PBXProject "Interactive" */;
			compatibilityVersion = "Xcode 3.2";
			developmentRegion = English;
			hasScannedForEncodings = 0;
			knownRegions = (
				en,
				Base,
			);
			mainGroup = 48B572851DE1B98E00A52D1D;
			productRefGroup = 48B5728F1DE1B98E00A52D1D /* Products */;
			projectDirPath = "";
			projectRoot = "";
			targets = (
				48B5728D1DE1B98E00A52D1D /* Interactive */,
			);
		};
/* End PBXProject section */

/* Begin PBXResourcesBuildPhase section */
		48B5728C1DE1B98E00A52D1D /* Resources */ = {
			isa = PBXResourcesBuildPhase;
			buildActionMask = 2147483647;
			files = (
				48B5729C1DE1B98E00A52D1D /* LaunchScreen.storyboard in Resources */,
				48B572991DE1B98E00A52D1D /* Assets.xcassets in Resources */,
				48B572971DE1B98E00A52D1D /* Main.storyboard in Resources */,
			);
			runOnlyForDeploymentPostprocessing = 0;
		};
/* End PBXResourcesBuildPhase section */

/* Begin PBXSourcesBuildPhase section */
		48B5728A1DE1B98E00A52D1D /* Sources */ = {
			isa = PBXSourcesBuildPhase;
			buildActionMask = 2147483647;
			files = (
				48B572941DE1B98E00A52D1D /* ViewController.swift in Sources */,
				48B572921DE1B98E00A52D1D /* AppDelegate.swift in Sources */,
				48B572A51DE1BBFF00A52D1D /* ExampleViewController.swift in Sources */,
				48B572A61DE1BBFF00A52D1D /* InteractiveViewController.swift in Sources */,
			);
			runOnlyForDeploymentPostprocessing = 0;
		};
/* End PBXSourcesBuildPhase section */

/* Begin PBXVariantGroup section */
		48B572951DE1B98E00A52D1D /* Main.storyboard */ = {
			isa = PBXVariantGroup;
			children = (
				48B572961DE1B98E00A52D1D /* Base */,
			);
			name = Main.storyboard;
			sourceTree = "<group>";
		};
		48B5729A1DE1B98E00A52D1D /* LaunchScreen.storyboard */ = {
			isa = PBXVariantGroup;
			children = (
				48B5729B1DE1B98E00A52D1D /* Base */,
			);
			name = LaunchScreen.storyboard;
			sourceTree = "<group>";
		};
/* End PBXVariantGroup section */

/* Begin XCBuildConfiguration section */
		48B5729E1DE1B98E00A52D1D /* Debug */ = {
			isa = XCBuildConfiguration;
			buildSettings = {
				ALWAYS_SEARCH_USER_PATHS = NO;
				CLANG_ANALYZER_NONNULL = YES;
				CLANG_CXX_LANGUAGE_STANDARD = "gnu++0x";
				CLANG_CXX_LIBRARY = "libc++";
				CLANG_ENABLE_MODULES = YES;
				CLANG_ENABLE_OBJC_ARC = YES;
				CLANG_WARN_BOOL_CONVERSION = YES;
				CLANG_WARN_CONSTANT_CONVERSION = YES;
				CLANG_WARN_DIRECT_OBJC_ISA_USAGE = YES_ERROR;
				CLANG_WARN_DOCUMENTATION_COMMENTS = YES;
				CLANG_WARN_EMPTY_BODY = YES;
				CLANG_WARN_ENUM_CONVERSION = YES;
				CLANG_WARN_INFINITE_RECURSION = YES;
				CLANG_WARN_INT_CONVERSION = YES;
				CLANG_WARN_OBJC_ROOT_CLASS = YES_ERROR;
				CLANG_WARN_SUSPICIOUS_MOVES = YES;
				CLANG_WARN_UNREACHABLE_CODE = YES;
				CLANG_WARN__DUPLICATE_METHOD_MATCH = YES;
				"CODE_SIGN_IDENTITY[sdk=iphoneos*]" = "iPhone Developer";
				COPY_PHASE_STRIP = NO;
				DEBUG_INFORMATION_FORMAT = dwarf;
				ENABLE_STRICT_OBJC_MSGSEND = YES;
				ENABLE_TESTABILITY = YES;
				GCC_C_LANGUAGE_STANDARD = gnu99;
				GCC_DYNAMIC_NO_PIC = NO;
				GCC_NO_COMMON_BLOCKS = YES;
				GCC_OPTIMIZATION_LEVEL = 0;
				GCC_PREPROCESSOR_DEFINITIONS = (
					"DEBUG=1",
					"$(inherited)",
				);
				GCC_WARN_64_TO_32_BIT_CONVERSION = YES;
				GCC_WARN_ABOUT_RETURN_TYPE = YES_ERROR;
				GCC_WARN_UNDECLARED_SELECTOR = YES;
				GCC_WARN_UNINITIALIZED_AUTOS = YES_AGGRESSIVE;
				GCC_WARN_UNUSED_FUNCTION = YES;
				GCC_WARN_UNUSED_VARIABLE = YES;
				IPHONEOS_DEPLOYMENT_TARGET = 9.0;
				MTL_ENABLE_DEBUG_INFO = YES;
				ONLY_ACTIVE_ARCH = YES;
				SDKROOT = iphoneos;
				SWIFT_ACTIVE_COMPILATION_CONDITIONS = DEBUG;
				SWIFT_OPTIMIZATION_LEVEL = "-Onone";
				TARGETED_DEVICE_FAMILY = "1,2";
			};
			name = Debug;
		};
		48B5729F1DE1B98E00A52D1D /* Release */ = {
			isa = XCBuildConfiguration;
			buildSettings = {
				ALWAYS_SEARCH_USER_PATHS = NO;
				CLANG_ANALYZER_NONNULL = YES;
				CLANG_CXX_LANGUAGE_STANDARD = "gnu++0x";
				CLANG_CXX_LIBRARY = "libc++";
				CLANG_ENABLE_MODULES = YES;
				CLANG_ENABLE_OBJC_ARC = YES;
				CLANG_WARN_BOOL_CONVERSION = YES;
				CLANG_WARN_CONSTANT_CONVERSION = YES;
				CLANG_WARN_DIRECT_OBJC_ISA_USAGE = YES_ERROR;
				CLANG_WARN_DOCUMENTATION_COMMENTS = YES;
				CLANG_WARN_EMPTY_BODY = YES;
				CLANG_WARN_ENUM_CONVERSION = YES;
				CLANG_WARN_INFINITE_RECURSION = YES;
				CLANG_WARN_INT_CONVERSION = YES;
				CLANG_WARN_OBJC_ROOT_CLASS = YES_ERROR;
				CLANG_WARN_SUSPICIOUS_MOVES = YES;
				CLANG_WARN_UNREACHABLE_CODE = YES;
				CLANG_WARN__DUPLICATE_METHOD_MATCH = YES;
				"CODE_SIGN_IDENTITY[sdk=iphoneos*]" = "iPhone Developer";
				COPY_PHASE_STRIP = NO;
				DEBUG_INFORMATION_FORMAT = "dwarf-with-dsym";
				ENABLE_NS_ASSERTIONS = NO;
				ENABLE_STRICT_OBJC_MSGSEND = YES;
				GCC_C_LANGUAGE_STANDARD = gnu99;
				GCC_NO_COMMON_BLOCKS = YES;
				GCC_WARN_64_TO_32_BIT_CONVERSION = YES;
				GCC_WARN_ABOUT_RETURN_TYPE = YES_ERROR;
				GCC_WARN_UNDECLARED_SELECTOR = YES;
				GCC_WARN_UNINITIALIZED_AUTOS = YES_AGGRESSIVE;
				GCC_WARN_UNUSED_FUNCTION = YES;
				GCC_WARN_UNUSED_VARIABLE = YES;
				IPHONEOS_DEPLOYMENT_TARGET = 9.0;
				MTL_ENABLE_DEBUG_INFO = NO;
				SDKROOT = iphoneos;
				SWIFT_OPTIMIZATION_LEVEL = "-Owholemodule";
				TARGETED_DEVICE_FAMILY = "1,2";
				VALIDATE_PRODUCT = YES;
			};
			name = Release;
		};
		48B572A11DE1B98E00A52D1D /* Debug */ = {
			isa = XCBuildConfiguration;
			buildSettings = {
				ASSETCATALOG_COMPILER_APPICON_NAME = AppIcon;
				DEVELOPMENT_TEAM = "";
				INFOPLIST_FILE = Interactive/Info.plist;
				LD_RUNPATH_SEARCH_PATHS = "$(inherited) @executable_path/Frameworks";
				PRODUCT_BUNDLE_IDENTIFIER = com.thesoftstudio.Intractive;
				PRODUCT_NAME = "$(TARGET_NAME)";
				SWIFT_VERSION = 3.0;
			};
			name = Debug;
		};
		48B572A21DE1B98E00A52D1D /* Release */ = {
			isa = XCBuildConfiguration;
			buildSettings = {
				ASSETCATALOG_COMPILER_APPICON_NAME = AppIcon;
				DEVELOPMENT_TEAM = "";
				INFOPLIST_FILE = Interactive/Info.plist;
				LD_RUNPATH_SEARCH_PATHS = "$(inherited) @executable_path/Frameworks";
				PRODUCT_BUNDLE_IDENTIFIER = com.thesoftstudio.Intractive;
				PRODUCT_NAME = "$(TARGET_NAME)";
				SWIFT_VERSION = 3.0;
			};
			name = Release;
		};
/* End XCBuildConfiguration section */

/* Begin XCConfigurationList section */
		48B572891DE1B98E00A52D1D /* Build configuration list for PBXProject "Interactive" */ = {
			isa = XCConfigurationList;
			buildConfigurations = (
				48B5729E1DE1B98E00A52D1D /* Debug */,
				48B5729F1DE1B98E00A52D1D /* Release */,
			);
			defaultConfigurationIsVisible = 0;
			defaultConfigurationName = Release;
		};
		48B572A01DE1B98E00A52D1D /* Build configuration list for PBXNativeTarget "Interactive" */ = {
			isa = XCConfigurationList;
			buildConfigurations = (
				48B572A11DE1B98E00A52D1D /* Debug */,
				48B572A21DE1B98E00A52D1D /* Release */,
			);
			defaultConfigurationIsVisible = 0;
			defaultConfigurationName = Release;
		};
/* End XCConfigurationList section */
	};
	rootObject = 48B572861DE1B98E00A52D1D /* Project object */;
}
